github.com/adshao/go-binance v0.0.0-20191107145944-a468f0b0c2f0 h1:JIsPrOyAUlEDqoV6FQOIN6AFJ8eKjLIx4xAfhIl1fjk=
github.com/adshao/go-binance v0.0.0-20191107145944-a468f0b0c2f0/go.mod h1:Z5RNUOdmzhcVEymtZCuuzSGYMFO2YL8x/X8vGUyz2bc=
github.com/bitly/go-simplejson v0.5.0 h1:6IH+V8/tVMab511d5bn4M7EwGXZf9Hj6i2xSwkNEM+Y=
github.com/bitly/go-simplejson v0.5.0/go.mod h1:cXHtHw4XUPsvGaxgjIAn8PhEWG9NfngEKAMDJEczWVA=
github.com/davecgh/go-spew v1.1.1 h1:vj9j/u1bqnvCEfJOwUhtlOARqs3+rkHYY13jYWTU97c=
github.com/davecgh/go-spew v1.1.1/go.mod h1:J7Y8YcW2NihsgmVo/mv3lAwl/skON4iLHjSsI+c5H38=
github.com/g3kk0/go-coinbasepro v0.0.0-20191209170904-d0ca6e861db9 h1:Vp2c3Mzj/9mCNiH3LTp+GZQicHdPu5Cv9A//4EqozGY=
github.com/g3kk0/go-coinbasepro v0.0.0-20191209170904-d0ca6e861db9/go.mod h1:N50cOmQiYZQmssE+Q73v1BuWMirBoZIx4pN//zFpi3o=
github.com/g3kk0/go-coinmarketcap v0.0.0-20181107182534-0021a3e5b023 h1:tanMwhHV0pQGayJoXj+iOjQen4XgpzffBMWB+ypbJoY=
github.com/g3kk0/go-coinmarketcap v0.0.0-20181107182534-0021a3e5b023/go.mod h1:g/sRxrSFkthbb+etinwdAM3Oucja61lVG4n1n14YV+w=
github.com/g3kk0/go-forex v0.0.0-20190716172512-57c6c4c3eb75 h1:i8EF3qSVGSKdS0afhVqFgo8vEysUyUAZElcrA7kb40Y=
github.com/g3kk0/go-forex v0.0.0-20190716172512-57c6c4c3eb75/go.mod h1:6oDxYXKppJEZ9kR1UcJPdrxjmhC7XoLUTusd5NstD/A=
github.com/g3kk0/go-forex v0.0.0-20210405111737-3034914b9c2a h1:XjlhNhLxZL+a9da/UNmr7Q+bpmfWCXX0gnjRCjtACLU=
github.com/g3kk0/go-forex v0.0.0-20210405111737-3034914b9c2a/go.mod h1:6oDxYXKppJEZ9kR1UcJPdrxjmhC7XoLUTusd5NstD/A=
github.com/gorilla/websocket v1.4.1 h1:q7AeDBpnBk8AogcD4DSag/Ukw/KV+YhzLj2bP5HvKCM=
github.com/gorilla/websocket v1.4.1/go.mod h1:YR8l580nyteQvAITg2hZ9XVh4b55+EU/adAjf1fMHhE=
